
Microsoft Visual Studio Solution File, Format Version 12.00
# Visual Studio Version 16
VisualStudioVersion = 16.0.32901.82
MinimumVisualStudioVersion = 10.0.40219.1
Project("{8BC9CEB8-8B4A-11D0-8D11-00A0C91BC942}") = "Ch3_HW3", "Ch3_HW3\Ch3_HW3.vcxproj", "{7E613A6D-8079-4991-82C5-121CE5F7788A}"
EndProject
Global
	GlobalSection(SolutionConfigurationPlatforms) = preSolution
		Debug|x64 = Debug|x64
		Debug|x86 = Debug|x86
		Release|x64 = Release|x64
		Release|x86 = Release|x86
	EndGlobalSection
	GlobalSection(ProjectConfigurationPlatforms) = postSolution
		{7E613A6D-8079-4991-82C5-121CE5F7788A}.Debug|x64.ActiveCfg = Debug|x64
		{7E613A6D-8079-4991-82C5-121CE5F7788A}.Debug|x64.Build.0 = Debug|x64
		{7E613A6D-8079-4991-82C5-121CE5F7788A}.Debug|x86.ActiveCfg = Debug|Win32
		{7E613A6D-8079-4991-82C5-121CE5F7788A}.Debug|x86.Build.0 = Debug|Win32
		{7E613A6D-8079-4991-82C5-121CE5F7788A}.Release|x64.ActiveCfg = Release|x64
		{7E613A6D-8079-4991-82C5-121CE5F7788A}.Release|x64.Build.0 = Release|x64
		{7E613A6D-8079-4991-82C5-121CE5F7788A}.Release|x86.ActiveCfg = Release|Win32
		{7E613A6D-8079-4991-82C5-121CE5F7788A}.Release|x86.Build.0 = Release|Win32
	EndGlobalSection
	GlobalSection(SolutionProperties) = preSolution
		HideSolutionNode = FALSE
	EndGlobalSection
	GlobalSection(ExtensibilityGlobals) = postSolution
		SolutionGuid = {33D6A355-7D40-4714-BEF9-EF3F4A542D90}
	EndGlobalSection
EndGlobal
